# This file is autogenerated, do not edit; changes may be undone by the next 'dep ensure'.


[[projects]]
  branch = "develop"
  name = "git.containerum.net/ch/api-gateway"
  packages = ["pkg/gatewayErrors"]
  revision = "ffa1d50fd77c65865324c15a9883c818642d6efa"

[[projects]]
  branch = "develop"
  name = "git.containerum.net/ch/auth"
  packages = ["pkg/errors"]
  revision = "5ec6f11de6e7d388b0d877593cccbdeebfce8558"

[[projects]]
  branch = "develop"
  name = "git.containerum.net/ch/kube-api"
  packages = ["pkg/kubeErrors"]
  revision = "765f4d41b76cccef7ed6c696cb7aebf45528b579"

[[projects]]
  branch = "develop"
  name = "git.containerum.net/ch/permissions"
  packages = ["pkg/errors"]
  revision = "73629c81d6e4bf6e96e7c4e6b6832e3023d9186b"

[[projects]]
  branch = "develop"
  name = "git.containerum.net/ch/resource-service"
  packages = ["pkg/rsErrors"]
  revision = "9ef4a8845704cac6bf82c7afea269418f7cbe48e"

[[projects]]
  branch = "develop"
  name = "git.containerum.net/ch/user-manager"
  packages = ["pkg/umErrors"]
  revision = "a6183da4b26b6150d849445839066239cea61ae8"

[[projects]]
  name = "github.com/BurntSushi/toml"
  packages = ["."]
  revision = "b26d9c308763d68093482582cea63d69be07a0f0"
  version = "v0.3.0"

[[projects]]
  name = "github.com/blang/semver"
  packages = ["."]
  revision = "2ee87856327ba09384cabd113bc6b5d174e9ec0f"
  version = "v3.5.1"

[[projects]]
  name = "github.com/containerum/cherry"
  packages = ["."]
  revision = "34f7a2a139b36c20a34b93738dda33476efad47d"
  version = "v1.0.1"

[[projects]]
  name = "github.com/containerum/kube-client"
  packages = [
    "pkg/client",
    "pkg/identity",
    "pkg/model",
    "pkg/rest",
    "pkg/rest/re",
    "pkg/rest/remock",
    "pkg/rest/remock/ermockerr",
    "pkg/websocket/gorilla",
    "pkg/websocket/wsmock",
    "pkg/websocket/wsmock/errwsmock"
  ]
  revision = "b93e2664555d463aa293f7ba19d09a622c305b9b"
  version = "v0.23.4"

[[projects]]
  name = "github.com/davecgh/go-spew"
  packages = ["spew"]
  revision = "346938d642f2ec3594ed81d874461961cd0faa76"
  version = "v1.1.0"

[[projects]]
  name = "github.com/docker/distribution"
  packages = [
    "digest",
    "reference"
  ]
  revision = "48294d928ced5dd9b378f7fd7c6f5da3ff3f2c89"
  version = "v2.6.2"

[[projects]]
  name = "github.com/go-resty/resty"
  packages = ["."]
  revision = "fc3ad735b5565cada42d34bc298573fd3fe5adc6"
  version = "v1.6"

[[projects]]
  name = "github.com/gorilla/websocket"
  packages = ["."]
  revision = "ea4d1f681babbce9545c9c5f3d5194a789c89f5b"
  version = "v1.2.0"

[[projects]]
  name = "github.com/inconshreveable/go-update"
  packages = [
    ".",
    "internal/binarydist",
    "internal/osext"
  ]
  revision = "8152e7eb6ccf8679a64582a66b78519688d156ad"

[[projects]]
  name = "github.com/inconshreveable/mousetrap"
  packages = ["."]
  revision = "76626ae9c91c4f2a10f34cad8ce83ea42c93bb75"
  version = "v1.0"

[[projects]]
  branch = "master"
  name = "github.com/matishsiao/goInfo"
  packages = ["."]
  revision = "617e6440957ee5591c8912e8b7e2f03a86298722"

[[projects]]
  name = "github.com/mattn/go-isatty"
  packages = ["."]
  revision = "0360b2af4f38e8d38c7fce2a9f4e702702d73a39"
  version = "v0.0.3"

[[projects]]
  name = "github.com/mattn/go-runewidth"
  packages = ["."]
  revision = "9e777a8366cce605130a531d2cd6363d07ad7317"
  version = "v0.0.2"

[[projects]]
  branch = "master"
  name = "github.com/mitchellh/go-homedir"
  packages = ["."]
  revision = "3864e76763d94a6df2f9960b16a20a33da9f9a66"

[[projects]]
  name = "github.com/ninedraft/boxofstuff"
  packages = [
    "str",
    "strset"
  ]
  revision = "55d5ed8ca33a5833adafd0b96faa50bcb5f62db1"
  version = "v0.2.3"

[[projects]]
  branch = "master"
  name = "github.com/ninedraft/ranger"
  packages = ["intranger"]
  revision = "89890d029c9d148d992d886ee992cf3fb0883284"

[[projects]]
  name = "github.com/octago/sflags"
  packages = [
    ".",
    "gen/gpflag"
  ]
  revision = "efb9cde83c817d30590cf630661142196dea4b6b"
  version = "v0.2.0"

[[projects]]
  name = "github.com/oleiade/reflections"
  packages = ["."]
  revision = "2b6ec3da648e3e834dc41bad8d9ed7f2dc6a9496"
  version = "v1.0.0"

[[projects]]
  branch = "master"
  name = "github.com/olekukonko/tablewriter"
  packages = ["."]
  revision = "d4647c9c7a84d847478d890b816b7d8b62b0b279"

[[projects]]
  name = "github.com/pmezard/go-difflib"
  packages = ["difflib"]
  revision = "792786c7400a136282c1664665ae0a8db921c6c2"
  version = "v1.0.0"

[[projects]]
  name = "github.com/satori/go.uuid"
  packages = ["."]
  revision = "f58768cc1a7a7e77a3bd49e98cdd21419399b6a3"
  version = "v1.2.0"

[[projects]]
  name = "github.com/sirupsen/logrus"
  packages = ["."]
  revision = "c155da19408a8799da419ed3eeb0cb5db0ad5dbc"
  version = "v1.0.5"

[[projects]]
  branch = "master"
  name = "github.com/skratchdot/open-golang"
  packages = ["open"]
  revision = "75fb7ed4208cf72d323d7d02fd1a5964a7a9073c"

[[projects]]
  name = "github.com/spf13/cobra"
  packages = ["."]
  revision = "ef82de70bb3f60c65fb8eebacbb2d122ef517385"
  version = "v0.0.3"

[[projects]]
  name = "github.com/spf13/pflag"
  packages = ["."]
  revision = "583c0c0531f06d5278b7d917446061adc344b5cd"
  version = "v1.0.1"

[[projects]]
  name = "github.com/stretchr/testify"
  packages = ["assert"]
  revision = "f35b8ab0b5a2cef36673838d662e249dd9c94686"
  version = "v1.2.2"

[[projects]]
  name = "github.com/vbauerster/mpb"
  packages = [
    ".",
    "cwriter",
    "decor"
  ]
  revision = "23769ee3856b917f8a1ae929ca1c6f408ebdaefe"
  version = "v3.2.0"

[[projects]]
  branch = "master"
  name = "golang.org/x/crypto"
  packages = ["ssh/terminal"]
  revision = "027cca12c2d63e3d62b670d901e8a2c95854feec"

[[projects]]
  branch = "master"
  name = "golang.org/x/net"
  packages = [
    "idna",
    "publicsuffix"
  ]
  revision = "db08ff08e8622530d9ed3a0e8ac279f6d4c02196"

[[projects]]
  branch = "master"
  name = "golang.org/x/sys"
  packages = [
    "unix",
    "windows"
  ]
  revision = "6c888cc515d3ed83fc103cf1d84468aad274b0a7"

[[projects]]
  name = "golang.org/x/text"
  packages = [
    "collate",
    "collate/build",
    "internal/colltab",
    "internal/gen",
    "internal/tag",
    "internal/triegen",
    "internal/ucd",
    "language",
    "secure/bidirule",
    "transform",
    "unicode/bidi",
    "unicode/cldr",
    "unicode/norm",
    "unicode/rangetable"
  ]
  revision = "f21a4dfb5e38f5895301dc265a8def02365cc3d0"
  version = "v0.3.0"

[[projects]]
  name = "gopkg.in/resty.v1"
  packages = ["."]
  revision = "fc3ad735b5565cada42d34bc298573fd3fe5adc6"
  version = "v1.6"

[[projects]]
  branch = "v2"
  name = "gopkg.in/urfave/cli.v2"
  packages = ["."]
  revision = "d3ae77c26ac8db90639677e4831a728d33c36111"

[[projects]]
  name = "gopkg.in/yaml.v2"
  packages = ["."]
  revision = "5420a8b6744d3b0345ab293f6fcba19c978f1183"
  version = "v2.2.1"

[[projects]]
  branch = "master"
  name = "k8s.io/apimachinery"
  packages = [
    "pkg/util/errors",
    "pkg/util/sets",
    "pkg/util/validation",
    "pkg/util/validation/field"
  ]
  revision = "5a8013207d0d28c7fe98193e5b6cdbf92e98a000"

[solve-meta]
  analyzer-name = "dep"
  analyzer-version = 1
  inputs-digest = "5c88840ff84e46e64e7999ee138cf3cbe621ebf9b4ccb466c24c984a49e3d0d4"
  solver-name = "gps-cdcl"
  solver-version = 1
