# This file is autogenerated, do not edit; changes may be undone by the next 'dep ensure'.


[[projects]]
  branch = "develop"
  name = "git.containerum.net/ch/api-gateway"
  packages = ["pkg/gatewayErrors"]
  revision = "5faa89b30076cd0fe69dc9f44c64e12602ad8011"

[[projects]]
  branch = "develop"
  name = "git.containerum.net/ch/auth"
  packages = ["pkg/errors"]
  revision = "f5be2683b112903d242654db72e9b21d060555d4"

[[projects]]
  name = "git.containerum.net/ch/kube-api"
  packages = ["pkg/kubeErrors"]
  revision = "bb4ec38ff060c55d3e7983f4919088e6fe88922d"
  version = "v1.0.0"

[[projects]]
  branch = "develop"
  name = "git.containerum.net/ch/permissions"
  packages = ["pkg/errors"]
  revision = "f9f444b6bb19ed6f7fcc251243f98d52d731b00a"

[[projects]]
  branch = "develop"
  name = "git.containerum.net/ch/resource-service"
  packages = ["pkg/rsErrors"]
  revision = "f763a4536868dc97ac69cd738431148b5bfe5921"

[[projects]]
  branch = "develop"
  name = "git.containerum.net/ch/user-manager"
  packages = ["pkg/umErrors"]
  revision = "ecbf4d476f6ccfd53e92c6425b52fd9b54d3f78a"

[[projects]]
  name = "github.com/BurntSushi/toml"
  packages = ["."]
  revision = "b26d9c308763d68093482582cea63d69be07a0f0"
  version = "v0.3.0"

[[projects]]
  name = "github.com/blang/semver"
  packages = ["."]
  revision = "2ee87856327ba09384cabd113bc6b5d174e9ec0f"
  version = "v3.5.1"

[[projects]]
  name = "github.com/containerum/cherry"
  packages = ["."]
  revision = "34f7a2a139b36c20a34b93738dda33476efad47d"
  version = "v1.0.1"

[[projects]]
  name = "github.com/containerum/kube-client"
  packages = [
    "pkg/client",
    "pkg/identity",
    "pkg/model",
    "pkg/rest",
    "pkg/rest/re",
    "pkg/rest/remock",
    "pkg/rest/remock/ermockerr",
    "pkg/websocket/gorilla",
    "pkg/websocket/wsmock",
    "pkg/websocket/wsmock/errwsmock"
  ]
  revision = "acd07e4012c051f415cb2954b0cd58ac51296961"
  version = "v0.20.0"

[[projects]]
  name = "github.com/davecgh/go-spew"
  packages = ["spew"]
  revision = "346938d642f2ec3594ed81d874461961cd0faa76"
  version = "v1.1.0"

[[projects]]
  name = "github.com/docker/distribution"
  packages = [
    "digest",
    "reference"
  ]
  revision = "48294d928ced5dd9b378f7fd7c6f5da3ff3f2c89"
  version = "v2.6.2"

[[projects]]
  branch = "master"
  name = "github.com/gin-gonic/gin"
  packages = ["json"]
  revision = "bf7803815b0baa22ff7a10457932882dfbf09925"

[[projects]]
  name = "github.com/go-resty/resty"
  packages = ["."]
  revision = "f0976a825c7520308909ce5a9e8b4f8675fdd6de"
  version = "v1.5"

[[projects]]
  name = "github.com/go-siris/siris"
  packages = ["core/errors"]
  revision = "bf3b6eec68567b4a1c7b4a26c9dd87815abb363c"
  version = "v7.3.4"

[[projects]]
  name = "github.com/gorilla/websocket"
  packages = ["."]
  revision = "ea4d1f681babbce9545c9c5f3d5194a789c89f5b"
  version = "v1.2.0"

[[projects]]
  name = "github.com/inconshreveable/go-update"
  packages = [
    ".",
    "internal/binarydist",
    "internal/osext"
  ]
  revision = "8152e7eb6ccf8679a64582a66b78519688d156ad"

[[projects]]
  name = "github.com/inconshreveable/mousetrap"
  packages = ["."]
  revision = "76626ae9c91c4f2a10f34cad8ce83ea42c93bb75"
  version = "v1.0"

[[projects]]
  name = "github.com/json-iterator/go"
  packages = ["."]
  revision = "ca39e5af3ece67bbcda3d0f4f56a8e24d9f2dad4"
  version = "1.1.3"

[[projects]]
  branch = "master"
  name = "github.com/matishsiao/goInfo"
  packages = ["."]
  revision = "617e6440957ee5591c8912e8b7e2f03a86298722"

[[projects]]
  name = "github.com/mattn/go-isatty"
  packages = ["."]
  revision = "0360b2af4f38e8d38c7fce2a9f4e702702d73a39"
  version = "v0.0.3"

[[projects]]
  name = "github.com/mattn/go-runewidth"
  packages = ["."]
  revision = "9e777a8366cce605130a531d2cd6363d07ad7317"
  version = "v0.0.2"

[[projects]]
  branch = "master"
  name = "github.com/mitchellh/go-homedir"
  packages = ["."]
  revision = "b8bc1bf767474819792c23f32d8286a45736f1c6"

[[projects]]
  name = "github.com/modern-go/concurrent"
  packages = ["."]
  revision = "bacd9c7ef1dd9b15be4a9909b8ac7a4e313eec94"
  version = "1.0.3"

[[projects]]
  name = "github.com/modern-go/reflect2"
  packages = ["."]
  revision = "1df9eeb2bb81f327b96228865c5687bc2194af3f"
  version = "1.0.0"

[[projects]]
  branch = "master"
  name = "github.com/ninedraft/boxofstuff"
  packages = ["strset"]
  revision = "402d25bcc03750de7fc34975a397beb9ea32d17e"

[[projects]]
  branch = "master"
  name = "github.com/ninedraft/ranger"
  packages = ["intranger"]
  revision = "89890d029c9d148d992d886ee992cf3fb0883284"

[[projects]]
  name = "github.com/octago/sflags"
  packages = [
    ".",
    "gen/gpflag"
  ]
  revision = "efb9cde83c817d30590cf630661142196dea4b6b"
  version = "v0.2.0"

[[projects]]
  name = "github.com/oleiade/reflections"
  packages = ["."]
  revision = "2b6ec3da648e3e834dc41bad8d9ed7f2dc6a9496"
  version = "v1.0.0"

[[projects]]
  branch = "master"
  name = "github.com/olekukonko/tablewriter"
  packages = ["."]
  revision = "d4647c9c7a84d847478d890b816b7d8b62b0b279"

[[projects]]
  name = "github.com/pmezard/go-difflib"
  packages = ["difflib"]
  revision = "792786c7400a136282c1664665ae0a8db921c6c2"
  version = "v1.0.0"

[[projects]]
  name = "github.com/satori/go.uuid"
  packages = ["."]
  revision = "f58768cc1a7a7e77a3bd49e98cdd21419399b6a3"
  version = "v1.2.0"

[[projects]]
  name = "github.com/sirupsen/logrus"
  packages = ["."]
  revision = "c155da19408a8799da419ed3eeb0cb5db0ad5dbc"
  version = "v1.0.5"

[[projects]]
  branch = "master"
  name = "github.com/skratchdot/open-golang"
  packages = ["open"]
  revision = "75fb7ed4208cf72d323d7d02fd1a5964a7a9073c"

[[projects]]
  name = "github.com/spf13/cobra"
  packages = ["."]
  revision = "ef82de70bb3f60c65fb8eebacbb2d122ef517385"
  version = "v0.0.3"

[[projects]]
  name = "github.com/spf13/pflag"
  packages = ["."]
  revision = "583c0c0531f06d5278b7d917446061adc344b5cd"
  version = "v1.0.1"

[[projects]]
  name = "github.com/stretchr/testify"
  packages = ["assert"]
  revision = "12b6f73e6084dad08a7c6e575284b177ecafbc71"
  version = "v1.2.1"

[[projects]]
  name = "github.com/vbauerster/mpb"
  packages = [
    ".",
    "cwriter",
    "decor"
  ]
  revision = "23769ee3856b917f8a1ae929ca1c6f408ebdaefe"
  version = "v3.2.0"

[[projects]]
  branch = "master"
  name = "golang.org/x/crypto"
  packages = ["ssh/terminal"]
  revision = "1a580b3eff7814fc9b40602fd35256c63b50f491"

[[projects]]
  branch = "master"
  name = "golang.org/x/net"
  packages = [
    "idna",
    "publicsuffix"
  ]
  revision = "8e0cdda24ed423affc8f35c241e5e9b16180338e"

[[projects]]
  branch = "master"
  name = "golang.org/x/sys"
  packages = [
    "unix",
    "windows"
  ]
  revision = "89da893103a6ed6c87fb4bb5c19fcf97812df621"

[[projects]]
  name = "golang.org/x/text"
  packages = [
    "collate",
    "collate/build",
    "internal/colltab",
    "internal/gen",
    "internal/tag",
    "internal/triegen",
    "internal/ucd",
    "language",
    "secure/bidirule",
    "transform",
    "unicode/bidi",
    "unicode/cldr",
    "unicode/norm",
    "unicode/rangetable"
  ]
  revision = "f21a4dfb5e38f5895301dc265a8def02365cc3d0"
  version = "v0.3.0"

[[projects]]
  name = "gopkg.in/resty.v1"
  packages = ["."]
  revision = "f0976a825c7520308909ce5a9e8b4f8675fdd6de"
  version = "v1.5"

[[projects]]
  branch = "v2"
  name = "gopkg.in/urfave/cli.v2"
  packages = ["."]
  revision = "d3ae77c26ac8db90639677e4831a728d33c36111"

[[projects]]
  name = "gopkg.in/yaml.v2"
  packages = ["."]
  revision = "5420a8b6744d3b0345ab293f6fcba19c978f1183"
  version = "v2.2.1"

[[projects]]
  branch = "master"
  name = "k8s.io/apimachinery"
  packages = [
    "pkg/util/errors",
    "pkg/util/sets",
    "pkg/util/validation",
    "pkg/util/validation/field"
  ]
  revision = "d3a2c12799ab9db57db937746b671a1594aad117"

[solve-meta]
  analyzer-name = "dep"
  analyzer-version = 1
  inputs-digest = "1fdafadeda1c2c5de8d0b2306666929f55a774a0db075467457c892d216b5e2e"
  solver-name = "gps-cdcl"
  solver-version = 1
